
Microsoft Visual Studio Solution File, Format Version 12.00
# Visual Studio 2013
VisualStudioVersion = 12.0.31101.0
MinimumVisualStudioVersion = 10.0.40219.1
Project("{2150E333-8FDC-42A3-9474-1A3956D46DE8}") = "Assets", "Assets", "{2EC480A8-BA7F-46D7-9BAB-0B1684A868F1}"
	ProjectSection(SolutionItems) = preProject
		Build.ps1 = Build.ps1
		Generate-Configs.ps1 = Generate-Configs.ps1
		nuget.config = nuget.config
		Package.ps1 = Package.ps1
		README.md = README.md
		version.txt = version.txt
	EndProjectSection
EndProject
Project("{FAE04EC0-301F-11D3-BF4B-00C04F79EFBC}") = "JE.ApiValidation.DTOs", "src\JE.ApiValidation.DTOs\JE.ApiValidation.DTOs.csproj", "{B523F88F-DFAE-43C2-A502-C1009BF3A432}"
EndProject
Project("{FAE04EC0-301F-11D3-BF4B-00C04F79EFBC}") = "JE.ApiValidation.WebApi", "src\JE.ApiValidation.WebApi\JE.ApiValidation.WebApi.csproj", "{E10837F6-CC59-49C6-AC94-7C70E4E6E00F}"
EndProject
Global
	GlobalSection(SolutionConfigurationPlatforms) = preSolution
		Debug|Any CPU = Debug|Any CPU
		Release|Any CPU = Release|Any CPU
	EndGlobalSection
	GlobalSection(ProjectConfigurationPlatforms) = postSolution
		{B523F88F-DFAE-43C2-A502-C1009BF3A432}.Debug|Any CPU.ActiveCfg = Debug|Any CPU
		{B523F88F-DFAE-43C2-A502-C1009BF3A432}.Debug|Any CPU.Build.0 = Debug|Any CPU
		{B523F88F-DFAE-43C2-A502-C1009BF3A432}.Release|Any CPU.ActiveCfg = Release|Any CPU
		{B523F88F-DFAE-43C2-A502-C1009BF3A432}.Release|Any CPU.Build.0 = Release|Any CPU
		{E10837F6-CC59-49C6-AC94-7C70E4E6E00F}.Debug|Any CPU.ActiveCfg = Debug|Any CPU
		{E10837F6-CC59-49C6-AC94-7C70E4E6E00F}.Debug|Any CPU.Build.0 = Debug|Any CPU
		{E10837F6-CC59-49C6-AC94-7C70E4E6E00F}.Release|Any CPU.ActiveCfg = Release|Any CPU
		{E10837F6-CC59-49C6-AC94-7C70E4E6E00F}.Release|Any CPU.Build.0 = Release|Any CPU
	EndGlobalSection
	GlobalSection(SolutionProperties) = preSolution
		HideSolutionNode = FALSE
	EndGlobalSection
EndGlobal
