
Microsoft Visual Studio Solution File, Format Version 12.00
# Visual Studio 14
VisualStudioVersion = 14.0.24720.0
MinimumVisualStudioVersion = 10.0.40219.1
Project("{2150E333-8FDC-42A3-9474-1A3956D46DE8}") = "Assets", "Assets", "{2EC480A8-BA7F-46D7-9BAB-0B1684A868F1}"
	ProjectSection(SolutionItems) = preProject
		Build.ps1 = Build.ps1
		Generate-Configs.ps1 = Generate-Configs.ps1
		nuget.config = nuget.config
		Package.ps1 = Package.ps1
		README.md = README.md
		version.txt = version.txt
	EndProjectSection
EndProject
Project("{FAE04EC0-301F-11D3-BF4B-00C04F79EFBC}") = "JE.ApiValidation.DTOs", "src\JE.ApiValidation.DTOs\JE.ApiValidation.DTOs.csproj", "{B523F88F-DFAE-43C2-A502-C1009BF3A432}"
EndProject
Project("{FAE04EC0-301F-11D3-BF4B-00C04F79EFBC}") = "JE.ApiValidation.WebApi", "src\JE.ApiValidation.WebApi\JE.ApiValidation.WebApi.csproj", "{E10837F6-CC59-49C6-AC94-7C70E4E6E00F}"
EndProject
Project("{FAE04EC0-301F-11D3-BF4B-00C04F79EFBC}") = "JE.ApiValidation.Tests", "src\JE.ApiValidation.Tests\JE.ApiValidation.Tests.csproj", "{98C56C77-CD07-4345-B456-F00DB4DC1884}"
EndProject
Project("{FAE04EC0-301F-11D3-BF4B-00C04F79EFBC}") = "JE.ApiValidation.OpenRasta", "src\JE.ApiValidation.OpenRasta\JE.ApiValidation.OpenRasta.csproj", "{5DD2AC4D-FB18-4BD8-8B92-DA93327E3070}"
EndProject
Project("{FAE04EC0-301F-11D3-BF4B-00C04F79EFBC}") = "JE.ApiValidation.WebApi.FluentValidation", "src\JE.ApiValidation.WebApi.FluentValidation\JE.ApiValidation.WebApi.FluentValidation.csproj", "{EF3C6044-F7FD-4222-9703-AC69FB4D9D86}"
EndProject
Project("{FAE04EC0-301F-11D3-BF4B-00C04F79EFBC}") = "JE.ApiValidation.Shared", "src\JE.ApiValidation.Shared\JE.ApiValidation.Shared.csproj", "{C00E8762-A2EB-4D07-BDAF-9E41CA1ACAB4}"
EndProject
Project("{2150E333-8FDC-42A3-9474-1A3956D46DE8}") = "Examples", "Examples", "{9C01A559-5C73-4842-8D8C-DC1263937FDB}"
EndProject
Project("{FAE04EC0-301F-11D3-BF4B-00C04F79EFBC}") = "JE.ApiValidation.Examples.WebApi", "src\JE.ApiValidation.Examples.WebApi\JE.ApiValidation.Examples.WebApi.csproj", "{FD248C4C-8786-46ED-BA62-EE705B76593F}"
EndProject
Project("{FAE04EC0-301F-11D3-BF4B-00C04F79EFBC}") = "JE.ApiValidation.Examples.Tests", "src\JE.ApiValidation.Examples.Tests\JE.ApiValidation.Examples.Tests.csproj", "{3A92E220-711F-41EF-BA5F-3024CD8293DB}"
EndProject
Project("{FAE04EC0-301F-11D3-BF4B-00C04F79EFBC}") = "JE.ApiValidation.Examples", "src\JE.ApiValidation.Examples\JE.ApiValidation.Examples.csproj", "{C96F07B3-EA7B-45F3-924C-E49E73228BB5}"
EndProject
Project("{FAE04EC0-301F-11D3-BF4B-00C04F79EFBC}") = "JE.ApiValidation.Examples.OpenRasta", "src\JE.ApiValidation.Examples.OpenRasta\JE.ApiValidation.Examples.OpenRasta.csproj", "{39B4AE31-4638-48EE-9AF8-480748783B99}"
EndProject
Project("{FAE04EC0-301F-11D3-BF4B-00C04F79EFBC}") = "JE.ApiValidation.FluentValidation.StructureMap", "src\JE.ApiValidation.FluentValidation.StructureMap\JE.ApiValidation.FluentValidation.StructureMap.csproj", "{34B7AA52-AE22-49C8-A093-1ED1DBAA2EF7}"
EndProject
Global
	GlobalSection(SolutionConfigurationPlatforms) = preSolution
		Debug|Any CPU = Debug|Any CPU
		Release|Any CPU = Release|Any CPU
	EndGlobalSection
	GlobalSection(ProjectConfigurationPlatforms) = postSolution
		{B523F88F-DFAE-43C2-A502-C1009BF3A432}.Debug|Any CPU.ActiveCfg = Debug|Any CPU
		{B523F88F-DFAE-43C2-A502-C1009BF3A432}.Debug|Any CPU.Build.0 = Debug|Any CPU
		{B523F88F-DFAE-43C2-A502-C1009BF3A432}.Release|Any CPU.ActiveCfg = Release|Any CPU
		{B523F88F-DFAE-43C2-A502-C1009BF3A432}.Release|Any CPU.Build.0 = Release|Any CPU
		{E10837F6-CC59-49C6-AC94-7C70E4E6E00F}.Debug|Any CPU.ActiveCfg = Debug|Any CPU
		{E10837F6-CC59-49C6-AC94-7C70E4E6E00F}.Debug|Any CPU.Build.0 = Debug|Any CPU
		{E10837F6-CC59-49C6-AC94-7C70E4E6E00F}.Release|Any CPU.ActiveCfg = Release|Any CPU
		{E10837F6-CC59-49C6-AC94-7C70E4E6E00F}.Release|Any CPU.Build.0 = Release|Any CPU
		{98C56C77-CD07-4345-B456-F00DB4DC1884}.Debug|Any CPU.ActiveCfg = Debug|Any CPU
		{98C56C77-CD07-4345-B456-F00DB4DC1884}.Debug|Any CPU.Build.0 = Debug|Any CPU
		{98C56C77-CD07-4345-B456-F00DB4DC1884}.Release|Any CPU.ActiveCfg = Release|Any CPU
		{98C56C77-CD07-4345-B456-F00DB4DC1884}.Release|Any CPU.Build.0 = Release|Any CPU
		{5DD2AC4D-FB18-4BD8-8B92-DA93327E3070}.Debug|Any CPU.ActiveCfg = Debug|Any CPU
		{5DD2AC4D-FB18-4BD8-8B92-DA93327E3070}.Debug|Any CPU.Build.0 = Debug|Any CPU
		{5DD2AC4D-FB18-4BD8-8B92-DA93327E3070}.Release|Any CPU.ActiveCfg = Release|Any CPU
		{5DD2AC4D-FB18-4BD8-8B92-DA93327E3070}.Release|Any CPU.Build.0 = Release|Any CPU
		{EF3C6044-F7FD-4222-9703-AC69FB4D9D86}.Debug|Any CPU.ActiveCfg = Debug|Any CPU
		{EF3C6044-F7FD-4222-9703-AC69FB4D9D86}.Debug|Any CPU.Build.0 = Debug|Any CPU
		{EF3C6044-F7FD-4222-9703-AC69FB4D9D86}.Release|Any CPU.ActiveCfg = Release|Any CPU
		{EF3C6044-F7FD-4222-9703-AC69FB4D9D86}.Release|Any CPU.Build.0 = Release|Any CPU
		{C00E8762-A2EB-4D07-BDAF-9E41CA1ACAB4}.Debug|Any CPU.ActiveCfg = Debug|Any CPU
		{C00E8762-A2EB-4D07-BDAF-9E41CA1ACAB4}.Debug|Any CPU.Build.0 = Debug|Any CPU
		{C00E8762-A2EB-4D07-BDAF-9E41CA1ACAB4}.Release|Any CPU.ActiveCfg = Release|Any CPU
		{C00E8762-A2EB-4D07-BDAF-9E41CA1ACAB4}.Release|Any CPU.Build.0 = Release|Any CPU
		{FD248C4C-8786-46ED-BA62-EE705B76593F}.Debug|Any CPU.ActiveCfg = Debug|Any CPU
		{FD248C4C-8786-46ED-BA62-EE705B76593F}.Debug|Any CPU.Build.0 = Debug|Any CPU
		{FD248C4C-8786-46ED-BA62-EE705B76593F}.Release|Any CPU.ActiveCfg = Release|Any CPU
		{FD248C4C-8786-46ED-BA62-EE705B76593F}.Release|Any CPU.Build.0 = Release|Any CPU
		{3A92E220-711F-41EF-BA5F-3024CD8293DB}.Debug|Any CPU.ActiveCfg = Debug|Any CPU
		{3A92E220-711F-41EF-BA5F-3024CD8293DB}.Debug|Any CPU.Build.0 = Debug|Any CPU
		{3A92E220-711F-41EF-BA5F-3024CD8293DB}.Release|Any CPU.ActiveCfg = Release|Any CPU
		{3A92E220-711F-41EF-BA5F-3024CD8293DB}.Release|Any CPU.Build.0 = Release|Any CPU
		{C96F07B3-EA7B-45F3-924C-E49E73228BB5}.Debug|Any CPU.ActiveCfg = Debug|Any CPU
		{C96F07B3-EA7B-45F3-924C-E49E73228BB5}.Debug|Any CPU.Build.0 = Debug|Any CPU
		{C96F07B3-EA7B-45F3-924C-E49E73228BB5}.Release|Any CPU.ActiveCfg = Release|Any CPU
		{C96F07B3-EA7B-45F3-924C-E49E73228BB5}.Release|Any CPU.Build.0 = Release|Any CPU
		{39B4AE31-4638-48EE-9AF8-480748783B99}.Debug|Any CPU.ActiveCfg = Debug|Any CPU
		{39B4AE31-4638-48EE-9AF8-480748783B99}.Debug|Any CPU.Build.0 = Debug|Any CPU
		{39B4AE31-4638-48EE-9AF8-480748783B99}.Release|Any CPU.ActiveCfg = Release|Any CPU
		{39B4AE31-4638-48EE-9AF8-480748783B99}.Release|Any CPU.Build.0 = Release|Any CPU
		{34B7AA52-AE22-49C8-A093-1ED1DBAA2EF7}.Debug|Any CPU.ActiveCfg = Debug|Any CPU
		{34B7AA52-AE22-49C8-A093-1ED1DBAA2EF7}.Debug|Any CPU.Build.0 = Debug|Any CPU
		{34B7AA52-AE22-49C8-A093-1ED1DBAA2EF7}.Release|Any CPU.ActiveCfg = Release|Any CPU
		{34B7AA52-AE22-49C8-A093-1ED1DBAA2EF7}.Release|Any CPU.Build.0 = Release|Any CPU
	EndGlobalSection
	GlobalSection(SolutionProperties) = preSolution
		HideSolutionNode = FALSE
	EndGlobalSection
	GlobalSection(NestedProjects) = preSolution
		{FD248C4C-8786-46ED-BA62-EE705B76593F} = {9C01A559-5C73-4842-8D8C-DC1263937FDB}
		{3A92E220-711F-41EF-BA5F-3024CD8293DB} = {9C01A559-5C73-4842-8D8C-DC1263937FDB}
		{C96F07B3-EA7B-45F3-924C-E49E73228BB5} = {9C01A559-5C73-4842-8D8C-DC1263937FDB}
		{39B4AE31-4638-48EE-9AF8-480748783B99} = {9C01A559-5C73-4842-8D8C-DC1263937FDB}
	EndGlobalSection
EndGlobal
